
Microsoft Visual Studio Solution File, Format Version 12.00
# Visual Studio 15
VisualStudioVersion = 15.0.28307.1209
MinimumVisualStudioVersion = 10.0.40219.1
Project("{9A19103F-16F7-4668-BE54-9A1E7A4F7556}") = "Jailbreak", "Jailbreak.csproj", "{EFBBC9BA-2D06-46B3-B85A-C36F93CB5639}"
EndProject
Global
	GlobalSection(SolutionConfigurationPlatforms) = preSolution
		Debug|Any CPU = Debug|Any CPU
		Release|Any CPU = Release|Any CPU
	EndGlobalSection
	GlobalSection(ProjectConfigurationPlatforms) = postSolution
		{EFBBC9BA-2D06-46B3-B85A-C36F93CB5639}.Debug|Any CPU.ActiveCfg = Debug|Any CPU
		{EFBBC9BA-2D06-46B3-B85A-C36F93CB5639}.Debug|Any CPU.Build.0 = Debug|Any CPU
		{EFBBC9BA-2D06-46B3-B85A-C36F93CB5639}.Release|Any CPU.ActiveCfg = Release|Any CPU
		{EFBBC9BA-2D06-46B3-B85A-C36F93CB5639}.Release|Any CPU.Build.0 = Release|Any CPU
	EndGlobalSection
	GlobalSection(SolutionProperties) = preSolution
		HideSolutionNode = FALSE
	EndGlobalSection
	GlobalSection(ExtensibilityGlobals) = postSolution
		SolutionGuid = {A3D153C8-698B-490A-930F-421AEF60F3E2}
	EndGlobalSection
EndGlobal
